<?xml version="1.0" encoding="UTF-8" standalone="yes" ?>
<CodeBlocks_project_file>
	<FileVersion major="1" minor="6" />
	<Project>
		<Option title="FreeBSDPacketsReorganization" />
		<Option pch_mode="2" />
		<Option compiler="gcc" />
		<Build>
			<Target title="Debug">
				<Option output="bin/Debug/FreeBSDPacketsReorganization" prefix_auto="1" extension_auto="1" />
				<Option object_output="obj/Debug/" />
				<Option type="1" />
				<Option compiler="gcc" />
				<Compiler>
					<Add option="-g" />
				</Compiler>
				<Linker>
					<Add option="-lpthread" />
				</Linker>
			</Target>
			<Target title="Release">
				<Option output="bin/Release/FreeBSDPacketsReorganization" prefix_auto="1" extension_auto="1" />
				<Option object_output="obj/Release/" />
				<Option type="1" />
				<Option compiler="gcc" />
				<Compiler>
					<Add option="-O2" />
				</Compiler>
				<Linker>
					<Add option="-s" />
				</Linker>
			</Target>
		</Build>
		<Compiler>
			<Add option="-Wall" />
		</Compiler>
		<Unit filename="client.c">
			<Option compilerVar="CC" />
		</Unit>
		<Unit filename="inc/client.h" />
		<Unit filename="inc/ip_packet.h" />
		<Unit filename="inc/ip_queue.h" />
		<Unit filename="inc/ipf_opt.h" />
		<Unit filename="inc/ipq.h" />
		<Unit filename="inc/ipq_opt.h" />
		<Unit filename="inc/netpkt.h" />
		<Unit filename="inc/paser.h" />
		<Unit filename="inc/server.h" />
		<Unit filename="inc/transmission.h" />
		<Unit filename="inc/unit_test.h" />
		<Unit filename="ipf_opt.c">
			<Option compilerVar="CC" />
		</Unit>
		<Unit filename="ipq_opt.c">
			<Option compilerVar="CC" />
		</Unit>
		<Unit filename="lib/_color_print.h" />
		<Unit filename="lib/lib.h" />
		<Unit filename="lib/types.h" />
		<Unit filename="main.c">
			<Option compilerVar="CC" />
		</Unit>
		<Unit filename="netpkt.c">
			<Option compilerVar="CC" />
		</Unit>
		<Unit filename="paser.c">
			<Option compilerVar="CC" />
		</Unit>
		<Unit filename="server.c">
			<Option compilerVar="CC" />
		</Unit>
		<Unit filename="unit_test.c">
			<Option compilerVar="CC" />
		</Unit>
		<Unit filename="utility.c">
			<Option compilerVar="CC" />
		</Unit>
		<Extensions>
			<envvars />
			<code_completion />
			<debugger />
			<lib_finder disable_auto="1" />
		</Extensions>
	</Project>
</CodeBlocks_project_file>
